
Microsoft Visual Studio Solution File, Format Version 12.00
# Visual Studio Version 16
VisualStudioVersion = 16.0.28803.202
MinimumVisualStudioVersion = 10.0.40219.1
Project("{FAE04EC0-301F-11D3-BF4B-00C04F79EFBC}") = "Adopta", "Adopta\Adopta.csproj", "{427CFA0B-FA84-4CA2-A09A-3FB62FA8ACA3}"
EndProject
Global
	GlobalSection(SolutionConfigurationPlatforms) = preSolution
		Debug|Any CPU = Debug|Any CPU
		Release|Any CPU = Release|Any CPU
	EndGlobalSection
	GlobalSection(ProjectConfigurationPlatforms) = postSolution
		{427CFA0B-FA84-4CA2-A09A-3FB62FA8ACA3}.Debug|Any CPU.ActiveCfg = Debug|Any CPU
		{427CFA0B-FA84-4CA2-A09A-3FB62FA8ACA3}.Debug|Any CPU.Build.0 = Debug|Any CPU
		{427CFA0B-FA84-4CA2-A09A-3FB62FA8ACA3}.Release|Any CPU.ActiveCfg = Release|Any CPU
		{427CFA0B-FA84-4CA2-A09A-3FB62FA8ACA3}.Release|Any CPU.Build.0 = Release|Any CPU
	EndGlobalSection
	GlobalSection(SolutionProperties) = preSolution
		HideSolutionNode = FALSE
	EndGlobalSection
	GlobalSection(ExtensibilityGlobals) = postSolution
		SolutionGuid = {A47EB99B-B601-44C2-BCD6-0A5DC5AF27C1}
	EndGlobalSection
EndGlobal
